
Microsoft Visual Studio Solution File, Format Version 12.00
# Visual Studio Version 17
VisualStudioVersion = 17.7.34009.444
MinimumVisualStudioVersion = 10.0.40219.1
Project("{FAE04EC0-301F-11D3-BF4B-00C04F79EFBC}") = "ChatGPT", "ChatGPT\ChatGPT.csproj", "{5E47C62A-FC35-4163-BDBE-2B7DC446FEA6}"
EndProject
Global
	GlobalSection(SolutionConfigurationPlatforms) = preSolution
		Debug|Any CPU = Debug|Any CPU
		Release|Any CPU = Release|Any CPU
	EndGlobalSection
	GlobalSection(ProjectConfigurationPlatforms) = postSolution
		{5E47C62A-FC35-4163-BDBE-2B7DC446FEA6}.Debug|Any CPU.ActiveCfg = Debug|Any CPU
		{5E47C62A-FC35-4163-BDBE-2B7DC446FEA6}.Debug|Any CPU.Build.0 = Debug|Any CPU
		{5E47C62A-FC35-4163-BDBE-2B7DC446FEA6}.Release|Any CPU.ActiveCfg = Release|Any CPU
		{5E47C62A-FC35-4163-BDBE-2B7DC446FEA6}.Release|Any CPU.Build.0 = Release|Any CPU
	EndGlobalSection
	GlobalSection(SolutionProperties) = preSolution
		HideSolutionNode = FALSE
	EndGlobalSection
	GlobalSection(ExtensibilityGlobals) = postSolution
		SolutionGuid = {02108FA3-5C8A-45BE-B320-59A30B92E4EC}
	EndGlobalSection
EndGlobal
